Microsoft Visual Studio Solution File, Format Version 12.00
# Visual Studio Version 17
VisualStudioVersion = 17.0.31903.59
MinimumVisualStudioVersion = 10.0.40219.1
Project("{FAE04EC0-301F-11D3-BF4B-00C04F79EFBC}") = "Trellis.Assistant", "Trellis.Assistant\Trellis.Assistant.csproj", "{A6F7E9D2-1234-4567-89AB-CDEF01234567}"
EndProject
Project("{FAE04EC0-301F-11D3-BF4B-00C04F79EFBC}") = "Trellis.Assistant.Tests", "Trellis.Assistant.Tests\Trellis.Assistant.Tests.csproj", "{B6F7E9D2-1234-4567-89AB-CDEF01234568}"
EndProject
Global
	GlobalSection(SolutionConfigurationPlatforms) = preSolution
		Debug|Any CPU = Debug|Any CPU
		Release|Any CPU = Release|Any CPU
	EndGlobalSection
	GlobalSection(ProjectConfigurationPlatforms) = postSolution
		{A6F7E9D2-1234-4567-89AB-CDEF01234567}.Debug|Any CPU.ActiveCfg = Debug|Any CPU
		{A6F7E9D2-1234-4567-89AB-CDEF01234567}.Debug|Any CPU.Build.0 = Debug|Any CPU
		{A6F7E9D2-1234-4567-89AB-CDEF01234567}.Release|Any CPU.ActiveCfg = Release|Any CPU
		{A6F7E9D2-1234-4567-89AB-CDEF01234567}.Release|Any CPU.Build.0 = Release|Any CPU
		{B6F7E9D2-1234-4567-89AB-CDEF01234568}.Debug|Any CPU.ActiveCfg = Debug|Any CPU
		{B6F7E9D2-1234-4567-89AB-CDEF01234568}.Debug|Any CPU.Build.0 = Debug|Any CPU
		{B6F7E9D2-1234-4567-89AB-CDEF01234568}.Release|Any CPU.ActiveCfg = Release|Any CPU
		{B6F7E9D2-1234-4567-89AB-CDEF01234568}.Release|Any CPU.Build.0 = Release|Any CPU
	EndGlobalSection
	GlobalSection(SolutionProperties) = preSolution
		HideSolutionNode = FALSE
	EndGlobalSection
EndGlobal
